// !$*UTF8*$!
{
	archiveVersion = 1;
	classes = {
	};
	objectVersion = 77;
	objects = {

/* Begin PBXBuildFile section */
		1F977ED82DBB76F400648732 /* FirebaseAnalytics in Frameworks */ = {isa = PBXBuildFile; productRef = 1F977ED72DBB76F400648732 /* FirebaseAnalytics */; };
		1F977EDA2DBB76F400648732 /* FirebaseAnalyticsWithoutAdIdSupport in Frameworks */ = {isa = PBXBuildFile; productRef = 1F977ED92DBB76F400648732 /* FirebaseAnalyticsWithoutAdIdSupport */; };
		1F977EDC2DBB76F400648732 /* FirebaseAuth in Frameworks */ = {isa = PBXBuildFile; productRef = 1F977EDB2DBB76F400648732 /* FirebaseAuth */; };
		1F977EDE2DBB76F400648732 /* FirebaseCore in Frameworks */ = {isa = PBXBuildFile; productRef = 1F977EDD2DBB76F400648732 /* FirebaseCore */; };
		1F977EE02DBB76F400648732 /* FirebaseDatabase in Frameworks */ = {isa = PBXBuildFile; productRef = 1F977EDF2DBB76F400648732 /* FirebaseDatabase */; };
		1F977EE22DBB76F400648732 /* FirebaseFirestore in Frameworks */ = {isa = PBXBuildFile; productRef = 1F977EE12DBB76F400648732 /* FirebaseFirestore */; };
		1F977EE42DBB76F400648732 /* FirebaseStorage in Frameworks */ = {isa = PBXBuildFile; productRef = 1F977EE32DBB76F400648732 /* FirebaseStorage */; };
/* End PBXBuildFile section */

/* Begin PBXContainerItemProxy section */
		3FE7D7C92D85550200E0F12E /* PBXContainerItemProxy */ = {
			isa = PBXContainerItemProxy;
			containerPortal = 3FE7D7B02D85550100E0F12E /* Project object */;
			proxyType = 1;
			remoteGlobalIDString = 3FE7D7B72D85550100E0F12E;
			remoteInfo = Rest;
		};
		3FE7D7D32D85550200E0F12E /* PBXContainerItemProxy */ = {
			isa = PBXContainerItemProxy;
			containerPortal = 3FE7D7B02D85550100E0F12E /* Project object */;
			proxyType = 1;
			remoteGlobalIDString = 3FE7D7B72D85550100E0F12E;
			remoteInfo = Rest;
		};
/* End PBXContainerItemProxy section */

/* Begin PBXFileReference section */
		3FE7D7B82D85550100E0F12E /* Rest.app */ = {isa = PBXFileReference; explicitFileType = wrapper.application; includeInIndex = 0; path = Rest.app; sourceTree = BUILT_PRODUCTS_DIR; };
		3FE7D7C82D85550200E0F12E /* RestTests.xctest */ = {isa = PBXFileReference; explicitFileType = wrapper.cfbundle; includeInIndex = 0; path = RestTests.xctest; sourceTree = BUILT_PRODUCTS_DIR; };
		3FE7D7D22D85550200E0F12E /* RestUITests.xctest */ = {isa = PBXFileReference; explicitFileType = wrapper.cfbundle; includeInIndex = 0; path = RestUITests.xctest; sourceTree = BUILT_PRODUCTS_DIR; };
/* End PBXFileReference section */

/* Begin PBXFileSystemSynchronizedRootGroup section */
		3FE7D7BA2D85550100E0F12E /* Rest */ = {
			isa = PBXFileSystemSynchronizedRootGroup;
			path = Rest;
			sourceTree = "<group>";
		};
		3FE7D7CB2D85550200E0F12E /* RestTests */ = {
			isa = PBXFileSystemSynchronizedRootGroup;
			path = RestTests;
			sourceTree = "<group>";
		};
		3FE7D7D52D85550200E0F12E /* RestUITests */ = {
			isa = PBXFileSystemSynchronizedRootGroup;
			path = RestUITests;
			sourceTree = "<group>";
		};
/* End PBXFileSystemSynchronizedRootGroup section */

/* Begin PBXFrameworksBuildPhase section */
		3FE7D7B52D85550100E0F12E /* Frameworks */ = {
			isa = PBXFrameworksBuildPhase;
			buildActionMask = 2147483647;
			files = (
				1F977EE02DBB76F400648732 /* FirebaseDatabase in Frameworks */,
				1F977ED82DBB76F400648732 /* FirebaseAnalytics in Frameworks */,
				1F977EDC2DBB76F400648732 /* FirebaseAuth in Frameworks */,
				1F977EDE2DBB76F400648732 /* FirebaseCore in Frameworks */,
				1F977EE42DBB76F400648732 /* FirebaseStorage in Frameworks */,
				1F977EDA2DBB76F400648732 /* FirebaseAnalyticsWithoutAdIdSupport in Frameworks */,
				1F977EE22DBB76F400648732 /* FirebaseFirestore in Frameworks */,
			);
			runOnlyForDeploymentPostprocessing = 0;
		};
		3FE7D7C52D85550200E0F12E /* Frameworks */ = {
			isa = PBXFrameworksBuildPhase;
			buildActionMask = 2147483647;
			files = (
			);
			runOnlyForDeploymentPostprocessing = 0;
		};
		3FE7D7CF2D85550200E0F12E /* Frameworks */ = {
			isa = PBXFrameworksBuildPhase;
			buildActionMask = 2147483647;
			files = (
			);
			runOnlyForDeploymentPostprocessing = 0;
		};
/* End PBXFrameworksBuildPhase section */

/* Begin PBXGroup section */
		3FE7D7AF2D85550100E0F12E = {
			isa = PBXGroup;
			children = (
				3FE7D7BA2D85550100E0F12E /* Rest */,
				3FE7D7CB2D85550200E0F12E /* RestTests */,
				3FE7D7D52D85550200E0F12E /* RestUITests */,
				3FE7D7B92D85550100E0F12E /* Products */,
			);
			sourceTree = "<group>";
		};
		3FE7D7B92D85550100E0F12E /* Products */ = {
			isa = PBXGroup;
			children = (
				3FE7D7B82D85550100E0F12E /* Rest.app */,
				3FE7D7C82D85550200E0F12E /* RestTests.xctest */,
				3FE7D7D22D85550200E0F12E /* RestUITests.xctest */,
			);
			name = Products;
			sourceTree = "<group>";
		};
/* End PBXGroup section */

/* Begin PBXNativeTarget section */
		3FE7D7B72D85550100E0F12E /* Rest */ = {
			isa = PBXNativeTarget;
			buildConfigurationList = 3FE7D7DC2D85550200E0F12E /* Build configuration list for PBXNativeTarget "Rest" */;
			buildPhases = (
				3FE7D7B42D85550100E0F12E /* Sources */,
				3FE7D7B52D85550100E0F12E /* Frameworks */,
				3FE7D7B62D85550100E0F12E /* Resources */,
			);
			buildRules = (
			);
			dependencies = (
			);
			fileSystemSynchronizedGroups = (
				3FE7D7BA2D85550100E0F12E /* Rest */,
			);
			name = Rest;
			packageProductDependencies = (
				1F977ED72DBB76F400648732 /* FirebaseAnalytics */,
				1F977ED92DBB76F400648732 /* FirebaseAnalyticsWithoutAdIdSupport */,
				1F977EDB2DBB76F400648732 /* FirebaseAuth */,
				1F977EDD2DBB76F400648732 /* FirebaseCore */,
				1F977EDF2DBB76F400648732 /* FirebaseDatabase */,
				1F977EE12DBB76F400648732 /* FirebaseFirestore */,
				1F977EE32DBB76F400648732 /* FirebaseStorage */,
			);
			productName = Rest;
			productReference = 3FE7D7B82D85550100E0F12E /* Rest.app */;
			productType = "com.apple.product-type.application";
		};
		3FE7D7C72D85550200E0F12E /* RestTests */ = {
			isa = PBXNativeTarget;
			buildConfigurationList = 3FE7D7DF2D85550200E0F12E /* Build configuration list for PBXNativeTarget "RestTests" */;
			buildPhases = (
				3FE7D7C42D85550200E0F12E /* Sources */,
				3FE7D7C52D85550200E0F12E /* Frameworks */,
				3FE7D7C62D85550200E0F12E /* Resources */,
			);
			buildRules = (
			);
			dependencies = (
				3FE7D7CA2D85550200E0F12E /* PBXTargetDependency */,
			);
			fileSystemSynchronizedGroups = (
				3FE7D7CB2D85550200E0F12E /* RestTests */,
			);
			name = RestTests;
			packageProductDependencies = (
			);
			productName = RestTests;
			productReference = 3FE7D7C82D85550200E0F12E /* RestTests.xctest */;
			productType = "com.apple.product-type.bundle.unit-test";
		};
		3FE7D7D12D85550200E0F12E /* RestUITests */ = {
			isa = PBXNativeTarget;
			buildConfigurationList = 3FE7D7E22D85550200E0F12E /* Build configuration list for PBXNativeTarget "RestUITests" */;
			buildPhases = (
				3FE7D7CE2D85550200E0F12E /* Sources */,
				3FE7D7CF2D85550200E0F12E /* Frameworks */,
				3FE7D7D02D85550200E0F12E /* Resources */,
			);
			buildRules = (
			);
			dependencies = (
				3FE7D7D42D85550200E0F12E /* PBXTargetDependency */,
			);
			fileSystemSynchronizedGroups = (
				3FE7D7D52D85550200E0F12E /* RestUITests */,
			);
			name = RestUITests;
			packageProductDependencies = (
			);
			productName = RestUITests;
			productReference = 3FE7D7D22D85550200E0F12E /* RestUITests.xctest */;
			productType = "com.apple.product-type.bundle.ui-testing";
		};
/* End PBXNativeTarget section */

/* Begin PBXProject section */
		3FE7D7B02D85550100E0F12E /* Project object */ = {
			isa = PBXProject;
			attributes = {
				BuildIndependentTargetsInParallel = 1;
				LastSwiftUpdateCheck = 1620;
				LastUpgradeCheck = 1620;
				TargetAttributes = {
					3FE7D7B72D85550100E0F12E = {
						CreatedOnToolsVersion = 16.2;
					};
					3FE7D7C72D85550200E0F12E = {
						CreatedOnToolsVersion = 16.2;
						TestTargetID = 3FE7D7B72D85550100E0F12E;
					};
					3FE7D7D12D85550200E0F12E = {
						CreatedOnToolsVersion = 16.2;
						TestTargetID = 3FE7D7B72D85550100E0F12E;
					};
				};
			};
			buildConfigurationList = 3FE7D7B32D85550100E0F12E /* Build configuration list for PBXProject "Rest" */;
			developmentRegion = en;
			hasScannedForEncodings = 0;
			knownRegions = (
				en,
				Base,
			);
			mainGroup = 3FE7D7AF2D85550100E0F12E;
			minimizedProjectReferenceProxies = 1;
			packageReferences = (
				1F977ED62DBB76F400648732 /* XCRemoteSwiftPackageReference "firebase-ios-sdk" */,
			);
			preferredProjectObjectVersion = 77;
			productRefGroup = 3FE7D7B92D85550100E0F12E /* Products */;
			projectDirPath = "";
			projectRoot = "";
			targets = (
				3FE7D7B72D85550100E0F12E /* Rest */,
				3FE7D7C72D85550200E0F12E /* RestTests */,
				3FE7D7D12D85550200E0F12E /* RestUITests */,
			);
		};
/* End PBXProject section */

/* Begin PBXResourcesBuildPhase section */
		3FE7D7B62D85550100E0F12E /* Resources */ = {
			isa = PBXResourcesBuildPhase;
			buildActionMask = 2147483647;
			files = (
			);
			runOnlyForDeploymentPostprocessing = 0;
		};
		3FE7D7C62D85550200E0F12E /* Resources */ = {
			isa = PBXResourcesBuildPhase;
			buildActionMask = 2147483647;
			files = (
			);
			runOnlyForDeploymentPostprocessing = 0;
		};
		3FE7D7D02D85550200E0F12E /* Resources */ = {
			isa = PBXResourcesBuildPhase;
			buildActionMask = 2147483647;
			files = (
			);
			runOnlyForDeploymentPostprocessing = 0;
		};
/* End PBXResourcesBuildPhase section */

/* Begin PBXSourcesBuildPhase section */
		3FE7D7B42D85550100E0F12E /* Sources */ = {
			isa = PBXSourcesBuildPhase;
			buildActionMask = 2147483647;
			files = (
			);
			runOnlyForDeploymentPostprocessing = 0;
		};
		3FE7D7C42D85550200E0F12E /* Sources */ = {
			isa = PBXSourcesBuildPhase;
			buildActionMask = 2147483647;
			files = (
			);
			runOnlyForDeploymentPostprocessing = 0;
		};
		3FE7D7CE2D85550200E0F12E /* Sources */ = {
			isa = PBXSourcesBuildPhase;
			buildActionMask = 2147483647;
			files = (
			);
			runOnlyForDeploymentPostprocessing = 0;
		};
/* End PBXSourcesBuildPhase section */

/* Begin PBXTargetDependency section */
		3FE7D7CA2D85550200E0F12E /* PBXTargetDependency */ = {
			isa = PBXTargetDependency;
			target = 3FE7D7B72D85550100E0F12E /* Rest */;
			targetProxy = 3FE7D7C92D85550200E0F12E /* PBXContainerItemProxy */;
		};
		3FE7D7D42D85550200E0F12E /* PBXTargetDependency */ = {
			isa = PBXTargetDependency;
			target = 3FE7D7B72D85550100E0F12E /* Rest */;
			targetProxy = 3FE7D7D32D85550200E0F12E /* PBXContainerItemProxy */;
		};
/* End PBXTargetDependency section */

/* Begin XCBuildConfiguration section */
		3FE7D7DA2D85550200E0F12E /* Debug */ = {
			isa = XCBuildConfiguration;
			buildSettings = {
				ALWAYS_SEARCH_USER_PATHS = NO;
				ASSETCATALOG_COMPILER_GENERATE_SWIFT_ASSET_SYMBOL_EXTENSIONS = YES;
				CLANG_ANALYZER_NONNULL = YES;
				CLANG_ANALYZER_NUMBER_OBJECT_CONVERSION = YES_AGGRESSIVE;
				CLANG_CXX_LANGUAGE_STANDARD = "gnu++20";
				CLANG_ENABLE_MODULES = YES;
				CLANG_ENABLE_OBJC_ARC = YES;
				CLANG_ENABLE_OBJC_WEAK = YES;
				CLANG_WARN_BLOCK_CAPTURE_AUTORELEASING = YES;
				CLANG_WARN_BOOL_CONVERSION = YES;
				CLANG_WARN_COMMA = YES;
				CLANG_WARN_CONSTANT_CONVERSION = YES;
				CLANG_WARN_DEPRECATED_OBJC_IMPLEMENTATIONS = YES;
				CLANG_WARN_DIRECT_OBJC_ISA_USAGE = YES_ERROR;
				CLANG_WARN_DOCUMENTATION_COMMENTS = YES;
				CLANG_WARN_EMPTY_BODY = YES;
				CLANG_WARN_ENUM_CONVERSION = YES;
				CLANG_WARN_INFINITE_RECURSION = YES;
				CLANG_WARN_INT_CONVERSION = YES;
				CLANG_WARN_NON_LITERAL_NULL_CONVERSION = YES;
				CLANG_WARN_OBJC_IMPLICIT_RETAIN_SELF = YES;
				CLANG_WARN_OBJC_LITERAL_CONVERSION = YES;
				CLANG_WARN_OBJC_ROOT_CLASS = YES_ERROR;
				CLANG_WARN_QUOTED_INCLUDE_IN_FRAMEWORK_HEADER = YES;
				CLANG_WARN_RANGE_LOOP_ANALYSIS = YES;
				CLANG_WARN_STRICT_PROTOTYPES = YES;
				CLANG_WARN_SUSPICIOUS_MOVE = YES;
				CLANG_WARN_UNGUARDED_AVAILABILITY = YES_AGGRESSIVE;
				CLANG_WARN_UNREACHABLE_CODE = YES;
				CLANG_WARN__DUPLICATE_METHOD_MATCH = YES;
				COPY_PHASE_STRIP = NO;
				DEBUG_INFORMATION_FORMAT = dwarf;
				ENABLE_STRICT_OBJC_MSGSEND = YES;
				ENABLE_TESTABILITY = YES;
				ENABLE_USER_SCRIPT_SANDBOXING = YES;
				GCC_C_LANGUAGE_STANDARD = gnu17;
				GCC_DYNAMIC_NO_PIC = NO;
				GCC_NO_COMMON_BLOCKS = YES;
				GCC_OPTIMIZATION_LEVEL = 0;
				GCC_PREPROCESSOR_DEFINITIONS = (
					"DEBUG=1",
					"$(inherited)",
				);
				GCC_WARN_64_TO_32_BIT_CONVERSION = YES;
				GCC_WARN_ABOUT_RETURN_TYPE = YES_ERROR;
				GCC_WARN_UNDECLARED_SELECTOR = YES;
				GCC_WARN_UNINITIALIZED_AUTOS = YES_AGGRESSIVE;
				GCC_WARN_UNUSED_FUNCTION = YES;
				GCC_WARN_UNUSED_VARIABLE = YES;
				IPHONEOS_DEPLOYMENT_TARGET = 18.2;
				LOCALIZATION_PREFERS_STRING_CATALOGS = YES;
				MTL_ENABLE_DEBUG_INFO = INCLUDE_SOURCE;
				MTL_FAST_MATH = YES;
				ONLY_ACTIVE_ARCH = YES;
				SDKROOT = iphoneos;
				SWIFT_ACTIVE_COMPILATION_CONDITIONS = "DEBUG $(inherited)";
				SWIFT_OPTIMIZATION_LEVEL = "-Onone";
			};
			name = Debug;
		};
		3FE7D7DB2D85550200E0F12E /* Release */ = {
			isa = XCBuildConfiguration;
			buildSettings = {
				ALWAYS_SEARCH_USER_PATHS = NO;
				ASSETCATALOG_COMPILER_GENERATE_SWIFT_ASSET_SYMBOL_EXTENSIONS = YES;
				CLANG_ANALYZER_NONNULL = YES;
				CLANG_ANALYZER_NUMBER_OBJECT_CONVERSION = YES_AGGRESSIVE;
				CLANG_CXX_LANGUAGE_STANDARD = "gnu++20";
				CLANG_ENABLE_MODULES = YES;
				CLANG_ENABLE_OBJC_ARC = YES;
				CLANG_ENABLE_OBJC_WEAK = YES;
				CLANG_WARN_BLOCK_CAPTURE_AUTORELEASING = YES;
				CLANG_WARN_BOOL_CONVERSION = YES;
				CLANG_WARN_COMMA = YES;
				CLANG_WARN_CONSTANT_CONVERSION = YES;
				CLANG_WARN_DEPRECATED_OBJC_IMPLEMENTATIONS = YES;
				CLANG_WARN_DIRECT_OBJC_ISA_USAGE = YES_ERROR;
				CLANG_WARN_DOCUMENTATION_COMMENTS = YES;
				CLANG_WARN_EMPTY_BODY = YES;
				CLANG_WARN_ENUM_CONVERSION = YES;
				CLANG_WARN_INFINITE_RECURSION = YES;
				CLANG_WARN_INT_CONVERSION = YES;
				CLANG_WARN_NON_LITERAL_NULL_CONVERSION = YES;
				CLANG_WARN_OBJC_IMPLICIT_RETAIN_SELF = YES;
				CLANG_WARN_OBJC_LITERAL_CONVERSION = YES;
				CLANG_WARN_OBJC_ROOT_CLASS = YES_ERROR;
				CLANG_WARN_QUOTED_INCLUDE_IN_FRAMEWORK_HEADER = YES;
				CLANG_WARN_RANGE_LOOP_ANALYSIS = YES;
				CLANG_WARN_STRICT_PROTOTYPES = YES;
				CLANG_WARN_SUSPICIOUS_MOVE = YES;
				CLANG_WARN_UNGUARDED_AVAILABILITY = YES_AGGRESSIVE;
				CLANG_WARN_UNREACHABLE_CODE = YES;
				CLANG_WARN__DUPLICATE_METHOD_MATCH = YES;
				COPY_PHASE_STRIP = NO;
				DEBUG_INFORMATION_FORMAT = "dwarf-with-dsym";
				ENABLE_NS_ASSERTIONS = NO;
				ENABLE_STRICT_OBJC_MSGSEND = YES;
				ENABLE_USER_SCRIPT_SANDBOXING = YES;
				GCC_C_LANGUAGE_STANDARD = gnu17;
				GCC_NO_COMMON_BLOCKS = YES;
				GCC_WARN_64_TO_32_BIT_CONVERSION = YES;
				GCC_WARN_ABOUT_RETURN_TYPE = YES_ERROR;
				GCC_WARN_UNDECLARED_SELECTOR = YES;
				GCC_WARN_UNINITIALIZED_AUTOS = YES_AGGRESSIVE;
				GCC_WARN_UNUSED_FUNCTION = YES;
				GCC_WARN_UNUSED_VARIABLE = YES;
				IPHONEOS_DEPLOYMENT_TARGET = 18.2;
				LOCALIZATION_PREFERS_STRING_CATALOGS = YES;
				MTL_ENABLE_DEBUG_INFO = NO;
				MTL_FAST_MATH = YES;
				SDKROOT = iphoneos;
				SWIFT_COMPILATION_MODE = wholemodule;
				VALIDATE_PRODUCT = YES;
			};
			name = Release;
		};
		3FE7D7DD2D85550200E0F12E /* Debug */ = {
			isa = XCBuildConfiguration;
			buildSettings = {
				ASSETCATALOG_COMPILER_APPICON_NAME = AppIcon;
				ASSETCATALOG_COMPILER_GLOBAL_ACCENT_COLOR_NAME = AccentColor;
				CODE_SIGN_STYLE = Automatic;
				CURRENT_PROJECT_VERSION = 1;
				DEVELOPMENT_ASSET_PATHS = "\"Rest/Preview Content\"";
				DEVELOPMENT_TEAM = 45WJQR7Z7V;
				ENABLE_PREVIEWS = YES;
				GENERATE_INFOPLIST_FILE = YES;
				INFOPLIST_KEY_UIApplicationSceneManifest_Generation = YES;
				INFOPLIST_KEY_UIApplicationSupportsIndirectInputEvents = YES;
				INFOPLIST_KEY_UILaunchScreen_Generation = YES;
				INFOPLIST_KEY_UISupportedInterfaceOrientations_iPad = "UIInterfaceOrientationPortrait UIInterfaceOrientationPortraitUpsideDown UIInterfaceOrientationLandscapeLeft UIInterfaceOrientationLandscapeRight";
				INFOPLIST_KEY_UISupportedInterfaceOrientations_iPhone = "UIInterfaceOrientationPortrait UIInterfaceOrientationLandscapeLeft UIInterfaceOrientationLandscapeRight";
				LD_RUNPATH_SEARCH_PATHS = (
					"$(inherited)",
					"@executable_path/Frameworks",
				);
				MARKETING_VERSION = 1.0;
				PRODUCT_BUNDLE_IDENTIFIER = a.Rest;
				PRODUCT_NAME = "$(TARGET_NAME)";
				SWIFT_EMIT_LOC_STRINGS = YES;
				SWIFT_VERSION = 5.0;
				TARGETED_DEVICE_FAMILY = "1,2";
			};
			name = Debug;
		};
		3FE7D7DE2D85550200E0F12E /* Release */ = {
			isa = XCBuildConfiguration;
			buildSettings = {
				ASSETCATALOG_COMPILER_APPICON_NAME = AppIcon;
				ASSETCATALOG_COMPILER_GLOBAL_ACCENT_COLOR_NAME = AccentColor;
				CODE_SIGN_STYLE = Automatic;
				CURRENT_PROJECT_VERSION = 1;
				DEVELOPMENT_ASSET_PATHS = "\"Rest/Preview Content\"";
				DEVELOPMENT_TEAM = 45WJQR7Z7V;
				ENABLE_PREVIEWS = YES;
				GENERATE_INFOPLIST_FILE = YES;
				INFOPLIST_KEY_UIApplicationSceneManifest_Generation = YES;
				INFOPLIST_KEY_UIApplicationSupportsIndirectInputEvents = YES;
				INFOPLIST_KEY_UILaunchScreen_Generation = YES;
				INFOPLIST_KEY_UISupportedInterfaceOrientations_iPad = "UIInterfaceOrientationPortrait UIInterfaceOrientationPortraitUpsideDown UIInterfaceOrientationLandscapeLeft UIInterfaceOrientationLandscapeRight";
				INFOPLIST_KEY_UISupportedInterfaceOrientations_iPhone = "UIInterfaceOrientationPortrait UIInterfaceOrientationLandscapeLeft UIInterfaceOrientationLandscapeRight";
				LD_RUNPATH_SEARCH_PATHS = (
					"$(inherited)",
					"@executable_path/Frameworks",
				);
				MARKETING_VERSION = 1.0;
				PRODUCT_BUNDLE_IDENTIFIER = a.Rest;
				PRODUCT_NAME = "$(TARGET_NAME)";
				SWIFT_EMIT_LOC_STRINGS = YES;
				SWIFT_VERSION = 5.0;
				TARGETED_DEVICE_FAMILY = "1,2";
			};
			name = Release;
		};
		3FE7D7E02D85550200E0F12E /* Debug */ = {
			isa = XCBuildConfiguration;
			buildSettings = {
				BUNDLE_LOADER = "$(TEST_HOST)";
				CODE_SIGN_STYLE = Automatic;
				CURRENT_PROJECT_VERSION = 1;
				GENERATE_INFOPLIST_FILE = YES;
				IPHONEOS_DEPLOYMENT_TARGET = 18.2;
				MARKETING_VERSION = 1.0;
				PRODUCT_BUNDLE_IDENTIFIER = a.RestTests;
				PRODUCT_NAME = "$(TARGET_NAME)";
				SWIFT_EMIT_LOC_STRINGS = NO;
				SWIFT_VERSION = 5.0;
				TARGETED_DEVICE_FAMILY = "1,2";
				TEST_HOST = "$(BUILT_PRODUCTS_DIR)/Rest.app/$(BUNDLE_EXECUTABLE_FOLDER_PATH)/Rest";
			};
			name = Debug;
		};
		3FE7D7E12D85550200E0F12E /* Release */ = {
			isa = XCBuildConfiguration;
			buildSettings = {
				BUNDLE_LOADER = "$(TEST_HOST)";
				CODE_SIGN_STYLE = Automatic;
				CURRENT_PROJECT_VERSION = 1;
				GENERATE_INFOPLIST_FILE = YES;
				IPHONEOS_DEPLOYMENT_TARGET = 18.2;
				MARKETING_VERSION = 1.0;
				PRODUCT_BUNDLE_IDENTIFIER = a.RestTests;
				PRODUCT_NAME = "$(TARGET_NAME)";
				SWIFT_EMIT_LOC_STRINGS = NO;
				SWIFT_VERSION = 5.0;
				TARGETED_DEVICE_FAMILY = "1,2";
				TEST_HOST = "$(BUILT_PRODUCTS_DIR)/Rest.app/$(BUNDLE_EXECUTABLE_FOLDER_PATH)/Rest";
			};
			name = Release;
		};
		3FE7D7E32D85550200E0F12E /* Debug */ = {
			isa = XCBuildConfiguration;
			buildSettings = {
				CODE_SIGN_STYLE = Automatic;
				CURRENT_PROJECT_VERSION = 1;
				GENERATE_INFOPLIST_FILE = YES;
				MARKETING_VERSION = 1.0;
				PRODUCT_BUNDLE_IDENTIFIER = a.RestUITests;
				PRODUCT_NAME = "$(TARGET_NAME)";
				SWIFT_EMIT_LOC_STRINGS = NO;
				SWIFT_VERSION = 5.0;
				TARGETED_DEVICE_FAMILY = "1,2";
				TEST_TARGET_NAME = Rest;
			};
			name = Debug;
		};
		3FE7D7E42D85550200E0F12E /* Release */ = {
			isa = XCBuildConfiguration;
			buildSettings = {
				CODE_SIGN_STYLE = Automatic;
				CURRENT_PROJECT_VERSION = 1;
				GENERATE_INFOPLIST_FILE = YES;
				MARKETING_VERSION = 1.0;
				PRODUCT_BUNDLE_IDENTIFIER = a.RestUITests;
				PRODUCT_NAME = "$(TARGET_NAME)";
				SWIFT_EMIT_LOC_STRINGS = NO;
				SWIFT_VERSION = 5.0;
				TARGETED_DEVICE_FAMILY = "1,2";
				TEST_TARGET_NAME = Rest;
			};
			name = Release;
		};
/* End XCBuildConfiguration section */

/* Begin XCConfigurationList section */
		3FE7D7B32D85550100E0F12E /* Build configuration list for PBXProject "Rest" */ = {
			isa = XCConfigurationList;
			buildConfigurations = (
				3FE7D7DA2D85550200E0F12E /* Debug */,
				3FE7D7DB2D85550200E0F12E /* Release */,
			);
			defaultConfigurationIsVisible = 0;
			defaultConfigurationName = Release;
		};
		3FE7D7DC2D85550200E0F12E /* Build configuration list for PBXNativeTarget "Rest" */ = {
			isa = XCConfigurationList;
			buildConfigurations = (
				3FE7D7DD2D85550200E0F12E /* Debug */,
				3FE7D7DE2D85550200E0F12E /* Release */,
			);
			defaultConfigurationIsVisible = 0;
			defaultConfigurationName = Release;
		};
		3FE7D7DF2D85550200E0F12E /* Build configuration list for PBXNativeTarget "RestTests" */ = {
			isa = XCConfigurationList;
			buildConfigurations = (
				3FE7D7E02D85550200E0F12E /* Debug */,
				3FE7D7E12D85550200E0F12E /* Release */,
			);
			defaultConfigurationIsVisible = 0;
			defaultConfigurationName = Release;
		};
		3FE7D7E22D85550200E0F12E /* Build configuration list for PBXNativeTarget "RestUITests" */ = {
			isa = XCConfigurationList;
			buildConfigurations = (
				3FE7D7E32D85550200E0F12E /* Debug */,
				3FE7D7E42D85550200E0F12E /* Release */,
			);
			defaultConfigurationIsVisible = 0;
			defaultConfigurationName = Release;
		};
/* End XCConfigurationList section */

/* Begin XCRemoteSwiftPackageReference section */
		1F977ED62DBB76F400648732 /* XCRemoteSwiftPackageReference "firebase-ios-sdk" */ = {
			isa = XCRemoteSwiftPackageReference;
			repositoryURL = "https://github.com/firebase/firebase-ios-sdk";
			requirement = {
				kind = upToNextMajorVersion;
				minimumVersion = 11.12.0;
			};
		};
/* End XCRemoteSwiftPackageReference section */

/* Begin XCSwiftPackageProductDependency section */
		1F977ED72DBB76F400648732 /* FirebaseAnalytics */ = {
			isa = XCSwiftPackageProductDependency;
			package = 1F977ED62DBB76F400648732 /* XCRemoteSwiftPackageReference "firebase-ios-sdk" */;
			productName = FirebaseAnalytics;
		};
		1F977ED92DBB76F400648732 /* FirebaseAnalyticsWithoutAdIdSupport */ = {
			isa = XCSwiftPackageProductDependency;
			package = 1F977ED62DBB76F400648732 /* XCRemoteSwiftPackageReference "firebase-ios-sdk" */;
			productName = FirebaseAnalyticsWithoutAdIdSupport;
		};
		1F977EDB2DBB76F400648732 /* FirebaseAuth */ = {
			isa = XCSwiftPackageProductDependency;
			package = 1F977ED62DBB76F400648732 /* XCRemoteSwiftPackageReference "firebase-ios-sdk" */;
			productName = FirebaseAuth;
		};
		1F977EDD2DBB76F400648732 /* FirebaseCore */ = {
			isa = XCSwiftPackageProductDependency;
			package = 1F977ED62DBB76F400648732 /* XCRemoteSwiftPackageReference "firebase-ios-sdk" */;
			productName = FirebaseCore;
		};
		1F977EDF2DBB76F400648732 /* FirebaseDatabase */ = {
			isa = XCSwiftPackageProductDependency;
			package = 1F977ED62DBB76F400648732 /* XCRemoteSwiftPackageReference "firebase-ios-sdk" */;
			productName = FirebaseDatabase;
		};
		1F977EE12DBB76F400648732 /* FirebaseFirestore */ = {
			isa = XCSwiftPackageProductDependency;
			package = 1F977ED62DBB76F400648732 /* XCRemoteSwiftPackageReference "firebase-ios-sdk" */;
			productName = FirebaseFirestore;
		};
		1F977EE32DBB76F400648732 /* FirebaseStorage */ = {
			isa = XCSwiftPackageProductDependency;
			package = 1F977ED62DBB76F400648732 /* XCRemoteSwiftPackageReference "firebase-ios-sdk" */;
			productName = FirebaseStorage;
		};
/* End XCSwiftPackageProductDependency section */
	};
	rootObject = 3FE7D7B02D85550100E0F12E /* Project object */;
}
